{
  "requires": true,
  "lockfileVersion": 1,
  "dependencies": {
    "@bit/primefaces.primeng.chart": {
      "version": "file:components/chart",
      "requires": {
        "chart.js": "2.7.3"
      },
      "dependencies": {
        "chart.js": {
          "version": "2.7.3",
          "resolved": "https://registry.npmjs.org/chart.js/-/chart.js-2.7.3.tgz",
          "integrity": "sha512-3+7k/DbR92m6BsMUYP6M0dMsMVZpMnwkUyNSAbqolHKsbIzH2Q4LWVEHHYq7v0fmEV8whXE0DrjANulw9j2K5g==",
          "requires": {
            "chartjs-color": "^2.1.0",
            "moment": "^2.10.2"
          }
        },
        "chartjs-color": {
          "version": "2.4.1",
          "resolved": "https://registry.npmjs.org/chartjs-color/-/chartjs-color-2.4.1.tgz",
          "integrity": "sha512-haqOg1+Yebys/Ts/9bLo/BqUcONQOdr/hoEr2LLTRl6C5LXctUdHxsCYfvQVg5JIxITrfCNUDr4ntqmQk9+/0w==",
          "requires": {
            "chartjs-color-string": "^0.6.0",
            "color-convert": "^1.9.3"
          }
        },
        "chartjs-color-string": {
          "version": "0.6.0",
          "resolved": "https://registry.npmjs.org/chartjs-color-string/-/chartjs-color-string-0.6.0.tgz",
          "integrity": "sha512-TIB5OKn1hPJvO7JcteW4WY/63v6KwEdt6udfnDE9iCAZgy+V4SrbSxoIbTw/xkUIapjEI4ExGtD0+6D3KyFd7A==",
          "requires": {
            "color-name": "^1.0.0"
          }
        },
        "color-convert": {
          "version": "1.9.3",
          "resolved": "https://registry.npmjs.org/color-convert/-/color-convert-1.9.3.tgz",
          "integrity": "sha512-QfAUtd+vFdAtFQcC8CCyYt1fYWxSqAiK2cSD6zDB8N3cpsEBAvRxp9zOGg6G/SHHJYAT88/az/IuDGALsNVbGg==",
          "requires": {
            "color-name": "1.1.3"
          },
          "dependencies": {
            "color-name": {
              "version": "1.1.3",
              "resolved": "https://registry.npmjs.org/color-name/-/color-name-1.1.3.tgz",
              "integrity": "sha1-p9BVi9icQveV3UIyj3QIMcpTvCU="
            }
          }
        },
        "color-name": {
          "version": "1.1.4",
          "resolved": "https://registry.npmjs.org/color-name/-/color-name-1.1.4.tgz",
          "integrity": "sha512-dOy+3AuW3a2wNbZHIuMZpTcgjGuLU/uBL/ubcZF9OXbDo8ff4O8yVp5Bf0efS8uEoYo5q4Fx7dY9OgQGXgAsQA=="
        },
        "moment": {
          "version": "2.25.3",
          "resolved": "https://registry.npmjs.org/moment/-/moment-2.25.3.tgz",
          "integrity": "sha512-PuYv0PHxZvzc15Sp8ybUCoQ+xpyPWvjOuK72a5ovzp2LI32rJXOiIfyoFoYvG3s6EwwrdkMyWuRiEHSZRLJNdg=="
        }
      }
    },
    "@bit/primefaces.primeng.internal.common.treenode": {
      "version": "8.0.2",
      "resolved": "https://node.bit.dev/primefaces.primeng.internal.common.treenode/-/primefaces.primeng.internal.common.treenode-8.0.2.tgz",
      "integrity": "sha1-CT7lIWfywCd4uhYJsm/DgHUkn8Y="
    },
    "@bit/primefaces.primeng.treetable": {
      "version": "file:components/treetable",
      "requires": {
        "@bit/primefaces.primeng.internal.common.blockableui": "8.0.2",
        "@bit/primefaces.primeng.internal.common.filtermetadata": "8.0.2",
        "@bit/primefaces.primeng.internal.common.shared": "8.0.2",
        "@bit/primefaces.primeng.internal.common.sortmeta": "8.0.2",
        "@bit/primefaces.primeng.internal.common.treenode": "8.0.2",
        "@bit/primefaces.primeng.internal.dom": "8.0.2",
        "@bit/primefaces.primeng.paginator": "8.0.2",
        "@bit/primefaces.primeng.utils": "8.0.2",
        "rxjs": "~6.4.0"
      },
      "dependencies": {
        "@angular/animations": {
          "version": "8.0.3",
          "resolved": "https://registry.npmjs.org/@angular/animations/-/animations-8.0.3.tgz",
          "integrity": "sha512-9zciJ4YRR0bodFSYgsgXdYMz8wKKyVjch7XZADGkWubXT8mGuwlpdPMlQ6n9Cwj8Ebu0u52WxMeQsX76K9RlYA==",
          "requires": {
            "tslib": "^1.9.0"
          }
        },
        "@angular/cdk": {
          "version": "8.0.2",
          "resolved": "https://registry.npmjs.org/@angular/cdk/-/cdk-8.0.2.tgz",
          "integrity": "sha512-Tv9M0vuTp7Ogk7mRiEpzBG9x5289FXe+WH0VKqN4zTzF/taTgGEuJBLDcFrwQMW0mFpGP7acVOiopgH+nClytg==",
          "requires": {
            "parse5": "^5.0.0",
            "tslib": "^1.7.1"
          }
        },
        "@bit/primefaces.primeng.dropdown": {
          "version": "8.0.2",
          "resolved": "https://node.bit.dev/primefaces.primeng.dropdown/-/primefaces.primeng.dropdown-8.0.2.tgz",
          "integrity": "sha1-dvKvgDy8gmldFOTbx3hhKPGX7Mw=",
          "requires": {
            "@angular/animations": "~8.0.0",
            "@angular/cdk": "~8.0.0",
            "@bit/primefaces.primeng.internal.common.selectitem": "8.0.2",
            "@bit/primefaces.primeng.internal.common.shared": "8.0.2",
            "@bit/primefaces.primeng.internal.dom": "8.0.2",
            "@bit/primefaces.primeng.utils": "8.0.2"
          }
        },
        "@bit/primefaces.primeng.internal.common.blockableui": {
          "version": "8.0.2",
          "resolved": "https://node.bit.dev/primefaces.primeng.internal.common.blockableui/-/primefaces.primeng.internal.common.blockableui-8.0.2.tgz",
          "integrity": "sha1-dfa/lQCYQ0K9+Q7AJ+7W6yxS0qA="
        },
        "@bit/primefaces.primeng.internal.common.filtermetadata": {
          "version": "8.0.2",
          "resolved": "https://node.bit.dev/primefaces.primeng.internal.common.filtermetadata/-/primefaces.primeng.internal.common.filtermetadata-8.0.2.tgz",
          "integrity": "sha1-UEALqcmUkDKbcz1T4NfCmbcQ7z8="
        },
        "@bit/primefaces.primeng.internal.common.selectitem": {
          "version": "8.0.2",
          "resolved": "https://node.bit.dev/primefaces.primeng.internal.common.selectitem/-/primefaces.primeng.internal.common.selectitem-8.0.2.tgz",
          "integrity": "sha1-8DO7tHayTn7dH+XfrjKAvXbpPNQ="
        },
        "@bit/primefaces.primeng.internal.common.shared": {
          "version": "8.0.2",
          "resolved": "https://node.bit.dev/primefaces.primeng.internal.common.shared/-/primefaces.primeng.internal.common.shared-8.0.2.tgz",
          "integrity": "sha1-F8V7h0TO+P7Q/lJ1pkIikP3X3uI="
        },
        "@bit/primefaces.primeng.internal.common.sortmeta": {
          "version": "8.0.2",
          "resolved": "https://node.bit.dev/primefaces.primeng.internal.common.sortmeta/-/primefaces.primeng.internal.common.sortmeta-8.0.2.tgz",
          "integrity": "sha1-Ki+BuK8nCBNS4P9wA7dIkUdFQgw="
        },
        "@bit/primefaces.primeng.internal.common.treenode": {
          "version": "8.0.2",
          "resolved": "https://node.bit.dev/primefaces.primeng.internal.common.treenode/-/primefaces.primeng.internal.common.treenode-8.0.2.tgz",
          "integrity": "sha1-CT7lIWfywCd4uhYJsm/DgHUkn8Y="
        },
        "@bit/primefaces.primeng.internal.dom": {
          "version": "8.0.2",
          "resolved": "https://node.bit.dev/primefaces.primeng.internal.dom/-/primefaces.primeng.internal.dom-8.0.2.tgz",
          "integrity": "sha1-SZVnydssrluWr9HPq+Njmqw7/WQ="
        },
        "@bit/primefaces.primeng.paginator": {
          "version": "8.0.2",
          "resolved": "https://node.bit.dev/primefaces.primeng.paginator/-/primefaces.primeng.paginator-8.0.2.tgz",
          "integrity": "sha1-AMEOhFV3W2+o6tuxh+fbmamGMpI=",
          "requires": {
            "@bit/primefaces.primeng.dropdown": "8.0.2",
            "@bit/primefaces.primeng.internal.common.selectitem": "8.0.2",
            "@bit/primefaces.primeng.internal.common.shared": "8.0.2"
          }
        },
        "@bit/primefaces.primeng.utils": {
          "version": "8.0.2",
          "resolved": "https://node.bit.dev/primefaces.primeng.utils/-/primefaces.primeng.utils-8.0.2.tgz",
          "integrity": "sha1-cH2eD9LZMI7RUHsHohNqG9Slp6E=",
          "requires": {
            "@bit/primefaces.primeng.internal.common.selectitem": "8.0.2"
          }
        },
        "parse5": {
          "version": "5.1.1",
          "resolved": "https://registry.npmjs.org/parse5/-/parse5-5.1.1.tgz",
          "integrity": "sha512-ugq4DFI0Ptb+WWjAdOK16+u/nHfiIrcE+sh8kZMaM0WllQKLI9rOUq6c2b7cwPkXdzfQESqvoqK6ug7U/Yyzug==",
          "optional": true
        },
        "rxjs": {
          "version": "6.4.0",
          "resolved": "https://registry.npmjs.org/rxjs/-/rxjs-6.4.0.tgz",
          "integrity": "sha512-Z9Yfa11F6B9Sg/BK9MnqnQ+aQYicPLtilXBp2yUtDt2JRCE0h26d33EnfO3ZxoNxG0T92OUucP3Ct7cpfkdFfw==",
          "requires": {
            "tslib": "^1.9.0"
          }
        },
        "tslib": {
          "version": "1.12.0",
          "resolved": "https://registry.npmjs.org/tslib/-/tslib-1.12.0.tgz",
          "integrity": "sha512-5rxCQkP0kytf4H1T4xz1imjxaUUPMvc5aWp0rJ/VMIN7ClRiH1FwFvBt8wOeMasp/epeUnmSW6CixSIePtiLqA=="
        }
      }
    }
  }
}
